
Microsoft Visual Studio Solution File, Format Version 12.00
# Visual Studio Version 16
VisualStudioVersion = 16.0.31729.503
MinimumVisualStudioVersion = 10.0.40219.1
Project("{FAE04EC0-301F-11D3-BF4B-00C04F79EFBC}") = "TestProtected", "TestProtected\TestProtected.csproj", "{20BCDC1D-10BA-4CA5-BF58-C200AE1B12E4}"
EndProject
Global
	GlobalSection(SolutionConfigurationPlatforms) = preSolution
		Debug|Any CPU = Debug|Any CPU
		Release|Any CPU = Release|Any CPU
	EndGlobalSection
	GlobalSection(ProjectConfigurationPlatforms) = postSolution
		{20BCDC1D-10BA-4CA5-BF58-C200AE1B12E4}.Debug|Any CPU.ActiveCfg = Debug|Any CPU
		{20BCDC1D-10BA-4CA5-BF58-C200AE1B12E4}.Debug|Any CPU.Build.0 = Debug|Any CPU
		{20BCDC1D-10BA-4CA5-BF58-C200AE1B12E4}.Release|Any CPU.ActiveCfg = Release|Any CPU
		{20BCDC1D-10BA-4CA5-BF58-C200AE1B12E4}.Release|Any CPU.Build.0 = Release|Any CPU
	EndGlobalSection
	GlobalSection(SolutionProperties) = preSolution
		HideSolutionNode = FALSE
	EndGlobalSection
	GlobalSection(ExtensibilityGlobals) = postSolution
		SolutionGuid = {660B3354-EA27-4462-AB0B-77D814569211}
	EndGlobalSection
EndGlobal
